// !$*UTF8*$!
{
	archiveVersion = 1;
	classes = {
	};
	objectVersion = 46;
	objects = {

/* Begin PBXBuildFile section */
		565E2AAF0F6F064BE4B8F6CF /* Pods_RainyShineApp.framework in Frameworks */ = {isa = PBXBuildFile; fileRef = 76D8E8622707D73EBD0B9DE4 /* Pods_RainyShineApp.framework */; };
		F402E42D1E098F40007D70C7 /* Constants.swift in Sources */ = {isa = PBXBuildFile; fileRef = F402E42C1E098F40007D70C7 /* Constants.swift */; };
		F4C7FA391E087344001E2662 /* AppDelegate.swift in Sources */ = {isa = PBXBuildFile; fileRef = F4C7FA381E087344001E2662 /* AppDelegate.swift */; };
		F4C7FA3B1E087344001E2662 /* WeatherVC.swift in Sources */ = {isa = PBXBuildFile; fileRef = F4C7FA3A1E087344001E2662 /* WeatherVC.swift */; };
		F4C7FA3E1E087344001E2662 /* Main.storyboard in Resources */ = {isa = PBXBuildFile; fileRef = F4C7FA3C1E087344001E2662 /* Main.storyboard */; };
		F4C7FA401E087344001E2662 /* Assets.xcassets in Resources */ = {isa = PBXBuildFile; fileRef = F4C7FA3F1E087344001E2662 /* Assets.xcassets */; };
		F4C7FA431E087344001E2662 /* LaunchScreen.storyboard in Resources */ = {isa = PBXBuildFile; fileRef = F4C7FA411E087344001E2662 /* LaunchScreen.storyboard */; };
/* End PBXBuildFile section */

/* Begin PBXFileReference section */
		76D8E8622707D73EBD0B9DE4 /* Pods_RainyShineApp.framework */ = {isa = PBXFileReference; explicitFileType = wrapper.framework; includeInIndex = 0; path = Pods_RainyShineApp.framework; sourceTree = BUILT_PRODUCTS_DIR; };
		E6F6366526672ACC92E51CEA /* Pods-RainyShineApp.debug.xcconfig */ = {isa = PBXFileReference; includeInIndex = 1; lastKnownFileType = text.xcconfig; name = "Pods-RainyShineApp.debug.xcconfig"; path = "Pods/Target Support Files/Pods-RainyShineApp/Pods-RainyShineApp.debug.xcconfig"; sourceTree = "<group>"; };
		F402E42C1E098F40007D70C7 /* Constants.swift */ = {isa = PBXFileReference; fileEncoding = 4; lastKnownFileType = sourcecode.swift; path = Constants.swift; sourceTree = "<group>"; };
		F4C7FA351E087344001E2662 /* RainyShineApp.app */ = {isa = PBXFileReference; explicitFileType = wrapper.application; includeInIndex = 0; path = RainyShineApp.app; sourceTree = BUILT_PRODUCTS_DIR; };
		F4C7FA381E087344001E2662 /* AppDelegate.swift */ = {isa = PBXFileReference; lastKnownFileType = sourcecode.swift; path = AppDelegate.swift; sourceTree = "<group>"; };
		F4C7FA3A1E087344001E2662 /* WeatherVC.swift */ = {isa = PBXFileReference; lastKnownFileType = sourcecode.swift; path = WeatherVC.swift; sourceTree = "<group>"; };
		F4C7FA3D1E087344001E2662 /* Base */ = {isa = PBXFileReference; lastKnownFileType = file.storyboard; name = Base; path = Base.lproj/Main.storyboard; sourceTree = "<group>"; };
		F4C7FA3F1E087344001E2662 /* Assets.xcassets */ = {isa = PBXFileReference; lastKnownFileType = folder.assetcatalog; path = Assets.xcassets; sourceTree = "<group>"; };
		F4C7FA421E087344001E2662 /* Base */ = {isa = PBXFileReference; lastKnownFileType = file.storyboard; name = Base; path = Base.lproj/LaunchScreen.storyboard; sourceTree = "<group>"; };
		F4C7FA441E087344001E2662 /* Info.plist */ = {isa = PBXFileReference; lastKnownFileType = text.plist.xml; path = Info.plist; sourceTree = "<group>"; };
		F5E0432C778A29083B1C0E78 /* Pods-RainyShineApp.release.xcconfig */ = {isa = PBXFileReference; includeInIndex = 1; lastKnownFileType = text.xcconfig; name = "Pods-RainyShineApp.release.xcconfig"; path = "Pods/Target Support Files/Pods-RainyShineApp/Pods-RainyShineApp.release.xcconfig"; sourceTree = "<group>"; };
/* End PBXFileReference section */

/* Begin PBXFrameworksBuildPhase section */
		F4C7FA321E087343001E2662 /* Frameworks */ = {
			isa = PBXFrameworksBuildPhase;
			buildActionMask = 2147483647;
			files = (
				565E2AAF0F6F064BE4B8F6CF /* Pods_RainyShineApp.framework in Frameworks */,
			);
			runOnlyForDeploymentPostprocessing = 0;
		};
/* End PBXFrameworksBuildPhase section */

/* Begin PBXGroup section */
		0D285A9DC05400468CA77DD2 /* Frameworks */ = {
			isa = PBXGroup;
			children = (
				76D8E8622707D73EBD0B9DE4 /* Pods_RainyShineApp.framework */,
			);
			name = Frameworks;
			sourceTree = "<group>";
		};
		C985674655EF873BE9A142F5 /* Pods */ = {
			isa = PBXGroup;
			children = (
				E6F6366526672ACC92E51CEA /* Pods-RainyShineApp.debug.xcconfig */,
				F5E0432C778A29083B1C0E78 /* Pods-RainyShineApp.release.xcconfig */,
			);
			name = Pods;
			sourceTree = "<group>";
		};
		F402E42E1E098F53007D70C7 /* Model */ = {
			isa = PBXGroup;
			children = (
				F402E42C1E098F40007D70C7 /* Constants.swift */,
			);
			name = Model;
			sourceTree = "<group>";
		};
		F402E42F1E098F5C007D70C7 /* View */ = {
			isa = PBXGroup;
			children = (
			);
			name = View;
			sourceTree = "<group>";
		};
		F402E4301E098F62007D70C7 /* Controller */ = {
			isa = PBXGroup;
			children = (
				F4C7FA3A1E087344001E2662 /* WeatherVC.swift */,
			);
			name = Controller;
			sourceTree = "<group>";
		};
		F4C7FA2C1E087343001E2662 = {
			isa = PBXGroup;
			children = (
				F4C7FA371E087344001E2662 /* RainyShineApp */,
				F4C7FA361E087344001E2662 /* Products */,
				C985674655EF873BE9A142F5 /* Pods */,
				0D285A9DC05400468CA77DD2 /* Frameworks */,
			);
			sourceTree = "<group>";
		};
		F4C7FA361E087344001E2662 /* Products */ = {
			isa = PBXGroup;
			children = (
				F4C7FA351E087344001E2662 /* RainyShineApp.app */,
			);
			name = Products;
			sourceTree = "<group>";
		};
		F4C7FA371E087344001E2662 /* RainyShineApp */ = {
			isa = PBXGroup;
			children = (
				F402E42E1E098F53007D70C7 /* Model */,
				F402E42F1E098F5C007D70C7 /* View */,
				F402E4301E098F62007D70C7 /* Controller */,
				F4C7FA381E087344001E2662 /* AppDelegate.swift */,
				F4C7FA3C1E087344001E2662 /* Main.storyboard */,
				F4C7FA3F1E087344001E2662 /* Assets.xcassets */,
				F4C7FA411E087344001E2662 /* LaunchScreen.storyboard */,
				F4C7FA441E087344001E2662 /* Info.plist */,
			);
			path = RainyShineApp;
			sourceTree = "<group>";
		};
/* End PBXGroup section */

/* Begin PBXNativeTarget section */
		F4C7FA341E087343001E2662 /* RainyShineApp */ = {
			isa = PBXNativeTarget;
			buildConfigurationList = F4C7FA471E087344001E2662 /* Build configuration list for PBXNativeTarget "RainyShineApp" */;
			buildPhases = (
				1E3C10F3CC1A5C0742A91F02 /* [CP] Check Pods Manifest.lock */,
				F4C7FA311E087343001E2662 /* Sources */,
				F4C7FA321E087343001E2662 /* Frameworks */,
				F4C7FA331E087343001E2662 /* Resources */,
				74A02A762542B7680F914A8A /* [CP] Embed Pods Frameworks */,
				6E5DD6BA5CC44B3CE8027269 /* [CP] Copy Pods Resources */,
			);
			buildRules = (
			);
			dependencies = (
			);
			name = RainyShineApp;
			productName = RainyShineApp;
			productReference = F4C7FA351E087344001E2662 /* RainyShineApp.app */;
			productType = "com.apple.product-type.application";
		};
/* End PBXNativeTarget section */

/* Begin PBXProject section */
		F4C7FA2D1E087343001E2662 /* Project object */ = {
			isa = PBXProject;
			attributes = {
				LastSwiftUpdateCheck = 0820;
				LastUpgradeCheck = 0820;
				ORGANIZATIONNAME = "Christine Cunniff";
				TargetAttributes = {
					F4C7FA341E087343001E2662 = {
						CreatedOnToolsVersion = 8.2;
						ProvisioningStyle = Automatic;
					};
				};
			};
			buildConfigurationList = F4C7FA301E087343001E2662 /* Build configuration list for PBXProject "RainyShineApp" */;
			compatibilityVersion = "Xcode 3.2";
			developmentRegion = English;
			hasScannedForEncodings = 0;
			knownRegions = (
				en,
				Base,
			);
			mainGroup = F4C7FA2C1E087343001E2662;
			productRefGroup = F4C7FA361E087344001E2662 /* Products */;
			projectDirPath = "";
			projectRoot = "";
			targets = (
				F4C7FA341E087343001E2662 /* RainyShineApp */,
			);
		};
/* End PBXProject section */

/* Begin PBXResourcesBuildPhase section */
		F4C7FA331E087343001E2662 /* Resources */ = {
			isa = PBXResourcesBuildPhase;
			buildActionMask = 2147483647;
			files = (
				F4C7FA431E087344001E2662 /* LaunchScreen.storyboard in Resources */,
				F4C7FA401E087344001E2662 /* Assets.xcassets in Resources */,
				F4C7FA3E1E087344001E2662 /* Main.storyboard in Resources */,
			);
			runOnlyForDeploymentPostprocessing = 0;
		};
/* End PBXResourcesBuildPhase section */

/* Begin PBXShellScriptBuildPhase section */
		1E3C10F3CC1A5C0742A91F02 /* [CP] Check Pods Manifest.lock */ = {
			isa = PBXShellScriptBuildPhase;
			buildActionMask = 2147483647;
			files = (
			);
			inputPaths = (
			);
			name = "[CP] Check Pods Manifest.lock";
			outputPaths = (
			);
			runOnlyForDeploymentPostprocessing = 0;
			shellPath = /bin/sh;
			shellScript = "diff \"${PODS_ROOT}/../Podfile.lock\" \"${PODS_ROOT}/Manifest.lock\" > /dev/null\nif [ $? != 0 ] ; then\n    # print error to STDERR\n    echo \"error: The sandbox is not in sync with the Podfile.lock. Run 'pod install' or update your CocoaPods installation.\" >&2\n    exit 1\nfi\n";
			showEnvVarsInLog = 0;
		};
		6E5DD6BA5CC44B3CE8027269 /* [CP] Copy Pods Resources */ = {
			isa = PBXShellScriptBuildPhase;
			buildActionMask = 2147483647;
			files = (
			);
			inputPaths = (
			);
			name = "[CP] Copy Pods Resources";
			outputPaths = (
			);
			runOnlyForDeploymentPostprocessing = 0;
			shellPath = /bin/sh;
			shellScript = "\"${SRCROOT}/Pods/Target Support Files/Pods-RainyShineApp/Pods-RainyShineApp-resources.sh\"\n";
			showEnvVarsInLog = 0;
		};
		74A02A762542B7680F914A8A /* [CP] Embed Pods Frameworks */ = {
			isa = PBXShellScriptBuildPhase;
			buildActionMask = 2147483647;
			files = (
			);
			inputPaths = (
			);
			name = "[CP] Embed Pods Frameworks";
			outputPaths = (
			);
			runOnlyForDeploymentPostprocessing = 0;
			shellPath = /bin/sh;
			shellScript = "\"${SRCROOT}/Pods/Target Support Files/Pods-RainyShineApp/Pods-RainyShineApp-frameworks.sh\"\n";
			showEnvVarsInLog = 0;
		};
/* End PBXShellScriptBuildPhase section */

/* Begin PBXSourcesBuildPhase section */
		F4C7FA311E087343001E2662 /* Sources */ = {
			isa = PBXSourcesBuildPhase;
			buildActionMask = 2147483647;
			files = (
				F4C7FA3B1E087344001E2662 /* WeatherVC.swift in Sources */,
				F4C7FA391E087344001E2662 /* AppDelegate.swift in Sources */,
				F402E42D1E098F40007D70C7 /* Constants.swift in Sources */,
			);
			runOnlyForDeploymentPostprocessing = 0;
		};
/* End PBXSourcesBuildPhase section */

/* Begin PBXVariantGroup section */
		F4C7FA3C1E087344001E2662 /* Main.storyboard */ = {
			isa = PBXVariantGroup;
			children = (
				F4C7FA3D1E087344001E2662 /* Base */,
			);
			name = Main.storyboard;
			sourceTree = "<group>";
		};
		F4C7FA411E087344001E2662 /* LaunchScreen.storyboard */ = {
			isa = PBXVariantGroup;
			children = (
				F4C7FA421E087344001E2662 /* Base */,
			);
			name = LaunchScreen.storyboard;
			sourceTree = "<group>";
		};
/* End PBXVariantGroup section */

/* Begin XCBuildConfiguration section */
		F4C7FA451E087344001E2662 /* Debug */ = {
			isa = XCBuildConfiguration;
			buildSettings = {
				ALWAYS_SEARCH_USER_PATHS = NO;
				CLANG_ANALYZER_NONNULL = YES;
				CLANG_CXX_LANGUAGE_STANDARD = "gnu++0x";
				CLANG_CXX_LIBRARY = "libc++";
				CLANG_ENABLE_MODULES = YES;
				CLANG_ENABLE_OBJC_ARC = YES;
				CLANG_WARN_BOOL_CONVERSION = YES;
				CLANG_WARN_CONSTANT_CONVERSION = YES;
				CLANG_WARN_DIRECT_OBJC_ISA_USAGE = YES_ERROR;
				CLANG_WARN_DOCUMENTATION_COMMENTS = YES;
				CLANG_WARN_EMPTY_BODY = YES;
				CLANG_WARN_ENUM_CONVERSION = YES;
				CLANG_WARN_INFINITE_RECURSION = YES;
				CLANG_WARN_INT_CONVERSION = YES;
				CLANG_WARN_OBJC_ROOT_CLASS = YES_ERROR;
				CLANG_WARN_SUSPICIOUS_MOVE = YES;
				CLANG_WARN_UNREACHABLE_CODE = YES;
				CLANG_WARN__DUPLICATE_METHOD_MATCH = YES;
				"CODE_SIGN_IDENTITY[sdk=iphoneos*]" = "iPhone Developer";
				COPY_PHASE_STRIP = NO;
				DEBUG_INFORMATION_FORMAT = dwarf;
				ENABLE_STRICT_OBJC_MSGSEND = YES;
				ENABLE_TESTABILITY = YES;
				GCC_C_LANGUAGE_STANDARD = gnu99;
				GCC_DYNAMIC_NO_PIC = NO;
				GCC_NO_COMMON_BLOCKS = YES;
				GCC_OPTIMIZATION_LEVEL = 0;
				GCC_PREPROCESSOR_DEFINITIONS = (
					"DEBUG=1",
					"$(inherited)",
				);
				GCC_WARN_64_TO_32_BIT_CONVERSION = YES;
				GCC_WARN_ABOUT_RETURN_TYPE = YES_ERROR;
				GCC_WARN_UNDECLARED_SELECTOR = YES;
				GCC_WARN_UNINITIALIZED_AUTOS = YES_AGGRESSIVE;
				GCC_WARN_UNUSED_FUNCTION = YES;
				GCC_WARN_UNUSED_VARIABLE = YES;
				IPHONEOS_DEPLOYMENT_TARGET = 10.2;
				MTL_ENABLE_DEBUG_INFO = YES;
				ONLY_ACTIVE_ARCH = YES;
				SDKROOT = iphoneos;
				SWIFT_ACTIVE_COMPILATION_CONDITIONS = DEBUG;
				SWIFT_OPTIMIZATION_LEVEL = "-Onone";
			};
			name = Debug;
		};
		F4C7FA461E087344001E2662 /* Release */ = {
			isa = XCBuildConfiguration;
			buildSettings = {
				ALWAYS_SEARCH_USER_PATHS = NO;
				CLANG_ANALYZER_NONNULL = YES;
				CLANG_CXX_LANGUAGE_STANDARD = "gnu++0x";
				CLANG_CXX_LIBRARY = "libc++";
				CLANG_ENABLE_MODULES = YES;
				CLANG_ENABLE_OBJC_ARC = YES;
				CLANG_WARN_BOOL_CONVERSION = YES;
				CLANG_WARN_CONSTANT_CONVERSION = YES;
				CLANG_WARN_DIRECT_OBJC_ISA_USAGE = YES_ERROR;
				CLANG_WARN_DOCUMENTATION_COMMENTS = YES;
				CLANG_WARN_EMPTY_BODY = YES;
				CLANG_WARN_ENUM_CONVERSION = YES;
				CLANG_WARN_INFINITE_RECURSION = YES;
				CLANG_WARN_INT_CONVERSION = YES;
				CLANG_WARN_OBJC_ROOT_CLASS = YES_ERROR;
				CLANG_WARN_SUSPICIOUS_MOVE = YES;
				CLANG_WARN_UNREACHABLE_CODE = YES;
				CLANG_WARN__DUPLICATE_METHOD_MATCH = YES;
				"CODE_SIGN_IDENTITY[sdk=iphoneos*]" = "iPhone Developer";
				COPY_PHASE_STRIP = NO;
				DEBUG_INFORMATION_FORMAT = "dwarf-with-dsym";
				ENABLE_NS_ASSERTIONS = NO;
				ENABLE_STRICT_OBJC_MSGSEND = YES;
				GCC_C_LANGUAGE_STANDARD = gnu99;
				GCC_NO_COMMON_BLOCKS = YES;
				GCC_WARN_64_TO_32_BIT_CONVERSION = YES;
				GCC_WARN_ABOUT_RETURN_TYPE = YES_ERROR;
				GCC_WARN_UNDECLARED_SELECTOR = YES;
				GCC_WARN_UNINITIALIZED_AUTOS = YES_AGGRESSIVE;
				GCC_WARN_UNUSED_FUNCTION = YES;
				GCC_WARN_UNUSED_VARIABLE = YES;
				IPHONEOS_DEPLOYMENT_TARGET = 10.2;
				MTL_ENABLE_DEBUG_INFO = NO;
				SDKROOT = iphoneos;
				SWIFT_OPTIMIZATION_LEVEL = "-Owholemodule";
				VALIDATE_PRODUCT = YES;
			};
			name = Release;
		};
		F4C7FA481E087344001E2662 /* Debug */ = {
			isa = XCBuildConfiguration;
			baseConfigurationReference = E6F6366526672ACC92E51CEA /* Pods-RainyShineApp.debug.xcconfig */;
			buildSettings = {
				ASSETCATALOG_COMPILER_APPICON_NAME = AppIcon;
				INFOPLIST_FILE = RainyShineApp/Info.plist;
				LD_RUNPATH_SEARCH_PATHS = "$(inherited) @executable_path/Frameworks";
				PRODUCT_BUNDLE_IDENTIFIER = com.christinecunniff.RainyShineApp;
				PRODUCT_NAME = "$(TARGET_NAME)";
				SWIFT_VERSION = 3.0;
			};
			name = Debug;
		};
		F4C7FA491E087344001E2662 /* Release */ = {
			isa = XCBuildConfiguration;
			baseConfigurationReference = F5E0432C778A29083B1C0E78 /* Pods-RainyShineApp.release.xcconfig */;
			buildSettings = {
				ASSETCATALOG_COMPILER_APPICON_NAME = AppIcon;
				INFOPLIST_FILE = RainyShineApp/Info.plist;
				LD_RUNPATH_SEARCH_PATHS = "$(inherited) @executable_path/Frameworks";
				PRODUCT_BUNDLE_IDENTIFIER = com.christinecunniff.RainyShineApp;
				PRODUCT_NAME = "$(TARGET_NAME)";
				SWIFT_VERSION = 3.0;
			};
			name = Release;
		};
/* End XCBuildConfiguration section */

/* Begin XCConfigurationList section */
		F4C7FA301E087343001E2662 /* Build configuration list for PBXProject "RainyShineApp" */ = {
			isa = XCConfigurationList;
			buildConfigurations = (
				F4C7FA451E087344001E2662 /* Debug */,
				F4C7FA461E087344001E2662 /* Release */,
			);
			defaultConfigurationIsVisible = 0;
			defaultConfigurationName = Release;
		};
		F4C7FA471E087344001E2662 /* Build configuration list for PBXNativeTarget "RainyShineApp" */ = {
			isa = XCConfigurationList;
			buildConfigurations = (
				F4C7FA481E087344001E2662 /* Debug */,
				F4C7FA491E087344001E2662 /* Release */,
			);
			defaultConfigurationIsVisible = 0;
			defaultConfigurationName = Release;
		};
/* End XCConfigurationList section */
	};
	rootObject = F4C7FA2D1E087343001E2662 /* Project object */;
}
